
Microsoft Visual Studio Solution File, Format Version 12.00
# Visual Studio Version 18
VisualStudioVersion = 18.3.11512.155 d18.3
MinimumVisualStudioVersion = 10.0.40219.1
Project("{F2A71F9B-5D33-465A-A702-920D77279786}") = "chap07", "chap07.fsproj", "{97D0EC2E-29F2-A154-4F7A-442F70624431}"
EndProject
Global
	GlobalSection(SolutionConfigurationPlatforms) = preSolution
		Debug|Any CPU = Debug|Any CPU
		Release|Any CPU = Release|Any CPU
	EndGlobalSection
	GlobalSection(ProjectConfigurationPlatforms) = postSolution
		{97D0EC2E-29F2-A154-4F7A-442F70624431}.Debug|Any CPU.ActiveCfg = Debug|Any CPU
		{97D0EC2E-29F2-A154-4F7A-442F70624431}.Debug|Any CPU.Build.0 = Debug|Any CPU
		{97D0EC2E-29F2-A154-4F7A-442F70624431}.Release|Any CPU.ActiveCfg = Release|Any CPU
		{97D0EC2E-29F2-A154-4F7A-442F70624431}.Release|Any CPU.Build.0 = Release|Any CPU
	EndGlobalSection
	GlobalSection(SolutionProperties) = preSolution
		HideSolutionNode = FALSE
	EndGlobalSection
	GlobalSection(ExtensibilityGlobals) = postSolution
		SolutionGuid = {3D84D771-FCB1-4C72-A50A-56EDF3342BBE}
	EndGlobalSection
EndGlobal
