
Microsoft Visual Studio Solution File, Format Version 12.00
# Visual Studio Version 18
VisualStudioVersion = 18.3.11520.95 d18.3
MinimumVisualStudioVersion = 10.0.40219.1
Project("{F2A71F9B-5D33-465A-A702-920D77279786}") = "chap08", "chap08.fsproj", "{AB14C62B-23E9-C8D9-ECEB-44ABEC4354F6}"
EndProject
Global
	GlobalSection(SolutionConfigurationPlatforms) = preSolution
		Debug|Any CPU = Debug|Any CPU
		Release|Any CPU = Release|Any CPU
	EndGlobalSection
	GlobalSection(ProjectConfigurationPlatforms) = postSolution
		{AB14C62B-23E9-C8D9-ECEB-44ABEC4354F6}.Debug|Any CPU.ActiveCfg = Debug|Any CPU
		{AB14C62B-23E9-C8D9-ECEB-44ABEC4354F6}.Debug|Any CPU.Build.0 = Debug|Any CPU
		{AB14C62B-23E9-C8D9-ECEB-44ABEC4354F6}.Release|Any CPU.ActiveCfg = Release|Any CPU
		{AB14C62B-23E9-C8D9-ECEB-44ABEC4354F6}.Release|Any CPU.Build.0 = Release|Any CPU
	EndGlobalSection
	GlobalSection(SolutionProperties) = preSolution
		HideSolutionNode = FALSE
	EndGlobalSection
	GlobalSection(ExtensibilityGlobals) = postSolution
		SolutionGuid = {22EBF2CC-2614-466B-9B3D-AA71BAEDA206}
	EndGlobalSection
EndGlobal
