
Microsoft Visual Studio Solution File, Format Version 12.00
# Visual Studio Version 17
VisualStudioVersion = 17.9.34728.123
MinimumVisualStudioVersion = 10.0.40219.1
Project("{6EC3EE1D-3C4E-46DD-8F32-0CC8E7565705}") = "OptionDemo", "OptionComputationExpressionDemo\OptionDemo.fsproj", "{B0E068E4-1A5C-42C5-A661-87BCBD98AA04}"
EndProject
Project("{F2A71F9B-5D33-465A-A702-920D77279786}") = "ResultsDemo", "ResultsDemo\ResultsDemo.fsproj", "{6AE895D0-D501-4FD1-AB1E-E4E1F45AE230}"
EndProject
Project("{F2A71F9B-5D33-465A-A702-920D77279786}") = "AsyncDemo", "AsyncDemo\AsyncDemo.fsproj", "{52F18F1C-B4D2-48E3-BE94-F1BCC263F571}"
EndProject
Global
	GlobalSection(SolutionConfigurationPlatforms) = preSolution
		Debug|Any CPU = Debug|Any CPU
		Release|Any CPU = Release|Any CPU
	EndGlobalSection
	GlobalSection(ProjectConfigurationPlatforms) = postSolution
		{B0E068E4-1A5C-42C5-A661-87BCBD98AA04}.Debug|Any CPU.ActiveCfg = Debug|Any CPU
		{B0E068E4-1A5C-42C5-A661-87BCBD98AA04}.Debug|Any CPU.Build.0 = Debug|Any CPU
		{B0E068E4-1A5C-42C5-A661-87BCBD98AA04}.Release|Any CPU.ActiveCfg = Release|Any CPU
		{B0E068E4-1A5C-42C5-A661-87BCBD98AA04}.Release|Any CPU.Build.0 = Release|Any CPU
		{6AE895D0-D501-4FD1-AB1E-E4E1F45AE230}.Debug|Any CPU.ActiveCfg = Debug|Any CPU
		{6AE895D0-D501-4FD1-AB1E-E4E1F45AE230}.Debug|Any CPU.Build.0 = Debug|Any CPU
		{6AE895D0-D501-4FD1-AB1E-E4E1F45AE230}.Release|Any CPU.ActiveCfg = Release|Any CPU
		{6AE895D0-D501-4FD1-AB1E-E4E1F45AE230}.Release|Any CPU.Build.0 = Release|Any CPU
		{52F18F1C-B4D2-48E3-BE94-F1BCC263F571}.Debug|Any CPU.ActiveCfg = Debug|Any CPU
		{52F18F1C-B4D2-48E3-BE94-F1BCC263F571}.Debug|Any CPU.Build.0 = Debug|Any CPU
		{52F18F1C-B4D2-48E3-BE94-F1BCC263F571}.Release|Any CPU.ActiveCfg = Release|Any CPU
		{52F18F1C-B4D2-48E3-BE94-F1BCC263F571}.Release|Any CPU.Build.0 = Release|Any CPU
	EndGlobalSection
	GlobalSection(SolutionProperties) = preSolution
		HideSolutionNode = FALSE
	EndGlobalSection
	GlobalSection(ExtensibilityGlobals) = postSolution
		SolutionGuid = {EE85AE05-7E2E-423A-99B1-3D9EBA14A58B}
	EndGlobalSection
EndGlobal
