
Microsoft Visual Studio Solution File, Format Version 12.00
# Visual Studio Version 18
VisualStudioVersion = 18.3.11505.172 d18.3
MinimumVisualStudioVersion = 10.0.40219.1
Project("{F2A71F9B-5D33-465A-A702-920D77279786}") = "OOP", "OOP.fsproj", "{82469819-D393-CA73-C2BE-644C28BA45CA}"
EndProject
Global
	GlobalSection(SolutionConfigurationPlatforms) = preSolution
		Debug|Any CPU = Debug|Any CPU
		Release|Any CPU = Release|Any CPU
	EndGlobalSection
	GlobalSection(ProjectConfigurationPlatforms) = postSolution
		{82469819-D393-CA73-C2BE-644C28BA45CA}.Debug|Any CPU.ActiveCfg = Debug|Any CPU
		{82469819-D393-CA73-C2BE-644C28BA45CA}.Debug|Any CPU.Build.0 = Debug|Any CPU
		{82469819-D393-CA73-C2BE-644C28BA45CA}.Release|Any CPU.ActiveCfg = Release|Any CPU
		{82469819-D393-CA73-C2BE-644C28BA45CA}.Release|Any CPU.Build.0 = Release|Any CPU
	EndGlobalSection
	GlobalSection(SolutionProperties) = preSolution
		HideSolutionNode = FALSE
	EndGlobalSection
	GlobalSection(ExtensibilityGlobals) = postSolution
		SolutionGuid = {69C10783-BC1D-4981-80AE-2630858D2F60}
	EndGlobalSection
EndGlobal
