
Microsoft Visual Studio Solution File, Format Version 12.00
# Visual Studio Version 18
VisualStudioVersion = 18.3.11520.95 d18.3
MinimumVisualStudioVersion = 10.0.40219.1
Project("{F2A71F9B-5D33-465A-A702-920D77279786}") = "chap09", "chap09.fsproj", "{8C16590A-7C35-55FB-ACB3-B9AB48D413F8}"
EndProject
Global
	GlobalSection(SolutionConfigurationPlatforms) = preSolution
		Debug|Any CPU = Debug|Any CPU
		Release|Any CPU = Release|Any CPU
	EndGlobalSection
	GlobalSection(ProjectConfigurationPlatforms) = postSolution
		{8C16590A-7C35-55FB-ACB3-B9AB48D413F8}.Debug|Any CPU.ActiveCfg = Debug|Any CPU
		{8C16590A-7C35-55FB-ACB3-B9AB48D413F8}.Debug|Any CPU.Build.0 = Debug|Any CPU
		{8C16590A-7C35-55FB-ACB3-B9AB48D413F8}.Release|Any CPU.ActiveCfg = Release|Any CPU
		{8C16590A-7C35-55FB-ACB3-B9AB48D413F8}.Release|Any CPU.Build.0 = Release|Any CPU
	EndGlobalSection
	GlobalSection(SolutionProperties) = preSolution
		HideSolutionNode = FALSE
	EndGlobalSection
	GlobalSection(ExtensibilityGlobals) = postSolution
		SolutionGuid = {F3073513-B6FA-4A1E-8B9D-BAF13CB5DAC1}
	EndGlobalSection
EndGlobal
